// !$*UTF8*$!
{
	archiveVersion = 1;
	classes = {
	};
	objectVersion = 56;
	objects = {

/* Begin PBXBuildFile section */
		090126612AAC731C002402F1 /* ZbNotificationCenter.swift in Sources */ = {isa = PBXBuildFile; fileRef = 090126602AAC731C002402F1 /* ZbNotificationCenter.swift */; };
		0907C7D22AA97FFE00D6F33D /* LaunchAtLogin in Frameworks */ = {isa = PBXBuildFile; productRef = 0907C7D12AA97FFE00D6F33D /* LaunchAtLogin */; };
		094B66662AC24A9300536E48 /* ZbBreakWindowController.swift in Sources */ = {isa = PBXBuildFile; fileRef = 094B66652AC24A9300536E48 /* ZbBreakWindowController.swift */; };
		096416432AC2D77E005995AE /* ZbBreakWindow.swift in Sources */ = {isa = PBXBuildFile; fileRef = 096416422AC2D77D005995AE /* ZbBreakWindow.swift */; };
		098E91A72AA9709A000287D3 /* ColorExtentions.swift in Sources */ = {isa = PBXBuildFile; fileRef = 098E91A62AA9709A000287D3 /* ColorExtentions.swift */; };
		09A559322AAD1C6E00D61535 /* ZbBreakWindowView.swift in Sources */ = {isa = PBXBuildFile; fileRef = 09A559312AAD1C6E00D61535 /* ZbBreakWindowView.swift */; };
		09A736762AA4D33E008B32A8 /* sharedCore.xcframework in Frameworks */ = {isa = PBXBuildFile; fileRef = 09A736752AA4D33E008B32A8 /* sharedCore.xcframework */; };
		09A736772AA4D33E008B32A8 /* sharedCore.xcframework in Embed Frameworks */ = {isa = PBXBuildFile; fileRef = 09A736752AA4D33E008B32A8 /* sharedCore.xcframework */; settings = {ATTRIBUTES = (CodeSignOnCopy, RemoveHeadersOnCopy, ); }; };
		09B5ED272AA48D98005413D7 /* ZbPopoverView.swift in Sources */ = {isa = PBXBuildFile; fileRef = 09B5ED262AA48D98005413D7 /* ZbPopoverView.swift */; };
		09B5ED2A2AA490B1005413D7 /* AppereanceTabView.swift in Sources */ = {isa = PBXBuildFile; fileRef = 09B5ED292AA490B1005413D7 /* AppereanceTabView.swift */; };
		09B5ED2D2AA490C7005413D7 /* BehaviourTabView.swift in Sources */ = {isa = PBXBuildFile; fileRef = 09B5ED2C2AA490C7005413D7 /* BehaviourTabView.swift */; };
		09B5ED2F2AA490D1005413D7 /* SystemTabView.swift in Sources */ = {isa = PBXBuildFile; fileRef = 09B5ED2E2AA490D1005413D7 /* SystemTabView.swift */; };
		09BF68FC2AA4C64F00195DC0 /* KMPNativeCoroutinesAsync in Frameworks */ = {isa = PBXBuildFile; productRef = 09BF68FB2AA4C64F00195DC0 /* KMPNativeCoroutinesAsync */; };
		09BF68FE2AA4C64F00195DC0 /* KMPNativeCoroutinesCombine in Frameworks */ = {isa = PBXBuildFile; productRef = 09BF68FD2AA4C64F00195DC0 /* KMPNativeCoroutinesCombine */; };
		09BF69002AA4C64F00195DC0 /* KMPNativeCoroutinesCore in Frameworks */ = {isa = PBXBuildFile; productRef = 09BF68FF2AA4C64F00195DC0 /* KMPNativeCoroutinesCore */; };
		09D6531B2AD8279A00E90B8B /* FluidMenuBarExtra in Frameworks */ = {isa = PBXBuildFile; productRef = 09D6531A2AD8279A00E90B8B /* FluidMenuBarExtra */; };
		09D653202AD8353D00E90B8B /* DynamicColor in Frameworks */ = {isa = PBXBuildFile; productRef = 09D6531F2AD8353D00E90B8B /* DynamicColor */; };
		09E7B8162AA5D263003625F2 /* ZbViewModel.swift in Sources */ = {isa = PBXBuildFile; fileRef = 09E7B8152AA5D263003625F2 /* ZbViewModel.swift */; };
		09E7B81B2AA5D66C003625F2 /* FlowExtentions.swift in Sources */ = {isa = PBXBuildFile; fileRef = 09E7B81A2AA5D66C003625F2 /* FlowExtentions.swift */; };
		4137AFC82A5F082E000787E3 /* MultiplatformApp.swift in Sources */ = {isa = PBXBuildFile; fileRef = 4137AFC72A5F082E000787E3 /* MultiplatformApp.swift */; };
		4137AFCC2A5F0830000787E3 /* Assets.xcassets in Resources */ = {isa = PBXBuildFile; fileRef = 4137AFCB2A5F0830000787E3 /* Assets.xcassets */; };
		4137AFD02A5F0830000787E3 /* Preview Assets.xcassets in Resources */ = {isa = PBXBuildFile; fileRef = 4137AFCF2A5F0830000787E3 /* Preview Assets.xcassets */; };
/* End PBXBuildFile section */

/* Begin PBXCopyFilesBuildPhase section */
		09A736782AA4D33E008B32A8 /* Embed Frameworks */ = {
			isa = PBXCopyFilesBuildPhase;
			buildActionMask = 2147483647;
			dstPath = "";
			dstSubfolderSpec = 10;
			files = (
				09A736772AA4D33E008B32A8 /* sharedCore.xcframework in Embed Frameworks */,
			);
			name = "Embed Frameworks";
			runOnlyForDeploymentPostprocessing = 0;
		};
/* End PBXCopyFilesBuildPhase section */

/* Begin PBXFileReference section */
		090126602AAC731C002402F1 /* ZbNotificationCenter.swift */ = {isa = PBXFileReference; lastKnownFileType = sourcecode.swift; path = ZbNotificationCenter.swift; sourceTree = "<group>"; };
		094B66652AC24A9300536E48 /* ZbBreakWindowController.swift */ = {isa = PBXFileReference; lastKnownFileType = sourcecode.swift; path = ZbBreakWindowController.swift; sourceTree = "<group>"; };
		096416422AC2D77D005995AE /* ZbBreakWindow.swift */ = {isa = PBXFileReference; lastKnownFileType = sourcecode.swift; path = ZbBreakWindow.swift; sourceTree = "<group>"; };
		098E91A62AA9709A000287D3 /* ColorExtentions.swift */ = {isa = PBXFileReference; lastKnownFileType = sourcecode.swift; path = ColorExtentions.swift; sourceTree = "<group>"; };
		09A559312AAD1C6E00D61535 /* ZbBreakWindowView.swift */ = {isa = PBXFileReference; lastKnownFileType = sourcecode.swift; path = ZbBreakWindowView.swift; sourceTree = "<group>"; };
		09A736752AA4D33E008B32A8 /* sharedCore.xcframework */ = {isa = PBXFileReference; lastKnownFileType = wrapper.xcframework; name = sharedCore.xcframework; path = "../shared-core/build/cocoapods/publish/release/sharedCore.xcframework"; sourceTree = "<group>"; };
		09B5ED262AA48D98005413D7 /* ZbPopoverView.swift */ = {isa = PBXFileReference; lastKnownFileType = sourcecode.swift; path = ZbPopoverView.swift; sourceTree = "<group>"; };
		09B5ED292AA490B1005413D7 /* AppereanceTabView.swift */ = {isa = PBXFileReference; lastKnownFileType = sourcecode.swift; path = AppereanceTabView.swift; sourceTree = "<group>"; };
		09B5ED2C2AA490C7005413D7 /* BehaviourTabView.swift */ = {isa = PBXFileReference; lastKnownFileType = sourcecode.swift; path = BehaviourTabView.swift; sourceTree = "<group>"; };
		09B5ED2E2AA490D1005413D7 /* SystemTabView.swift */ = {isa = PBXFileReference; lastKnownFileType = sourcecode.swift; path = SystemTabView.swift; sourceTree = "<group>"; };
		09E7B8152AA5D263003625F2 /* ZbViewModel.swift */ = {isa = PBXFileReference; lastKnownFileType = sourcecode.swift; path = ZbViewModel.swift; sourceTree = "<group>"; };
		09E7B81A2AA5D66C003625F2 /* FlowExtentions.swift */ = {isa = PBXFileReference; lastKnownFileType = sourcecode.swift; path = FlowExtentions.swift; sourceTree = "<group>"; };
		4137AFC42A5F082E000787E3 /* multiplatformApp.app */ = {isa = PBXFileReference; explicitFileType = wrapper.application; includeInIndex = 0; path = multiplatformApp.app; sourceTree = BUILT_PRODUCTS_DIR; };
		4137AFC72A5F082E000787E3 /* MultiplatformApp.swift */ = {isa = PBXFileReference; lastKnownFileType = sourcecode.swift; path = MultiplatformApp.swift; sourceTree = "<group>"; };
		4137AFCB2A5F0830000787E3 /* Assets.xcassets */ = {isa = PBXFileReference; lastKnownFileType = folder.assetcatalog; path = Assets.xcassets; sourceTree = "<group>"; };
		4137AFCD2A5F0830000787E3 /* multiplatformApp.entitlements */ = {isa = PBXFileReference; lastKnownFileType = text.plist.entitlements; path = multiplatformApp.entitlements; sourceTree = "<group>"; };
		4137AFCF2A5F0830000787E3 /* Preview Assets.xcassets */ = {isa = PBXFileReference; lastKnownFileType = folder.assetcatalog; path = "Preview Assets.xcassets"; sourceTree = "<group>"; };
/* End PBXFileReference section */

/* Begin PBXFrameworksBuildPhase section */
		4137AFC12A5F082E000787E3 /* Frameworks */ = {
			isa = PBXFrameworksBuildPhase;
			buildActionMask = 2147483647;
			files = (
				09BF68FE2AA4C64F00195DC0 /* KMPNativeCoroutinesCombine in Frameworks */,
				09D6531B2AD8279A00E90B8B /* FluidMenuBarExtra in Frameworks */,
				09A736762AA4D33E008B32A8 /* sharedCore.xcframework in Frameworks */,
				09D653202AD8353D00E90B8B /* DynamicColor in Frameworks */,
				09BF68FC2AA4C64F00195DC0 /* KMPNativeCoroutinesAsync in Frameworks */,
				0907C7D22AA97FFE00D6F33D /* LaunchAtLogin in Frameworks */,
				09BF69002AA4C64F00195DC0 /* KMPNativeCoroutinesCore in Frameworks */,
			);
			runOnlyForDeploymentPostprocessing = 0;
		};
/* End PBXFrameworksBuildPhase section */

/* Begin PBXGroup section */
		094B66642AC24A5700536E48 /* window */ = {
			isa = PBXGroup;
			children = (
				094B66652AC24A9300536E48 /* ZbBreakWindowController.swift */,
				096416422AC2D77D005995AE /* ZbBreakWindow.swift */,
			);
			path = window;
			sourceTree = "<group>";
		};
		098E91A52AA97088000287D3 /* core */ = {
			isa = PBXGroup;
			children = (
				09E7B8152AA5D263003625F2 /* ZbViewModel.swift */,
				09E7B81A2AA5D66C003625F2 /* FlowExtentions.swift */,
				098E91A62AA9709A000287D3 /* ColorExtentions.swift */,
			);
			path = core;
			sourceTree = "<group>";
		};
		09B5ED232AA48D6E005413D7 /* macos */ = {
			isa = PBXGroup;
			children = (
				094B66642AC24A5700536E48 /* window */,
				09B5ED252AA48D7F005413D7 /* view */,
				090126602AAC731C002402F1 /* ZbNotificationCenter.swift */,
			);
			path = macos;
			sourceTree = "<group>";
		};
		09B5ED252AA48D7F005413D7 /* view */ = {
			isa = PBXGroup;
			children = (
				09B5ED282AA49098005413D7 /* tabs */,
				09B5ED262AA48D98005413D7 /* ZbPopoverView.swift */,
				09A559312AAD1C6E00D61535 /* ZbBreakWindowView.swift */,
			);
			path = view;
			sourceTree = "<group>";
		};
		09B5ED282AA49098005413D7 /* tabs */ = {
			isa = PBXGroup;
			children = (
				09B5ED292AA490B1005413D7 /* AppereanceTabView.swift */,
				09B5ED2C2AA490C7005413D7 /* BehaviourTabView.swift */,
				09B5ED2E2AA490D1005413D7 /* SystemTabView.swift */,
			);
			path = tabs;
			sourceTree = "<group>";
		};
		4137AFBB2A5F082E000787E3 = {
			isa = PBXGroup;
			children = (
				4137AFC62A5F082E000787E3 /* multiplatformApp */,
				4137AFC52A5F082E000787E3 /* Products */,
				4137AFD62A5F0902000787E3 /* Frameworks */,
			);
			sourceTree = "<group>";
		};
		4137AFC52A5F082E000787E3 /* Products */ = {
			isa = PBXGroup;
			children = (
				4137AFC42A5F082E000787E3 /* multiplatformApp.app */,
			);
			name = Products;
			sourceTree = "<group>";
		};
		4137AFC62A5F082E000787E3 /* multiplatformApp */ = {
			isa = PBXGroup;
			children = (
				098E91A52AA97088000287D3 /* core */,
				09B5ED232AA48D6E005413D7 /* macos */,
				4137AFC72A5F082E000787E3 /* MultiplatformApp.swift */,
				4137AFCB2A5F0830000787E3 /* Assets.xcassets */,
				4137AFCD2A5F0830000787E3 /* multiplatformApp.entitlements */,
				4137AFCE2A5F0830000787E3 /* Preview Content */,
			);
			path = multiplatformApp;
			sourceTree = "<group>";
		};
		4137AFCE2A5F0830000787E3 /* Preview Content */ = {
			isa = PBXGroup;
			children = (
				4137AFCF2A5F0830000787E3 /* Preview Assets.xcassets */,
			);
			path = "Preview Content";
			sourceTree = "<group>";
		};
		4137AFD62A5F0902000787E3 /* Frameworks */ = {
			isa = PBXGroup;
			children = (
				09A736752AA4D33E008B32A8 /* sharedCore.xcframework */,
			);
			name = Frameworks;
			sourceTree = "<group>";
		};
/* End PBXGroup section */

/* Begin PBXNativeTarget section */
		4137AFC32A5F082E000787E3 /* multiplatformApp */ = {
			isa = PBXNativeTarget;
			buildConfigurationList = 4137AFD32A5F0830000787E3 /* Build configuration list for PBXNativeTarget "multiplatformApp" */;
			buildPhases = (
				4137AFC02A5F082E000787E3 /* Sources */,
				4137AFC12A5F082E000787E3 /* Frameworks */,
				4137AFC22A5F082E000787E3 /* Resources */,
				09A736782AA4D33E008B32A8 /* Embed Frameworks */,
			);
			buildRules = (
			);
			dependencies = (
			);
			name = multiplatformApp;
			packageProductDependencies = (
				09BF68FB2AA4C64F00195DC0 /* KMPNativeCoroutinesAsync */,
				09BF68FD2AA4C64F00195DC0 /* KMPNativeCoroutinesCombine */,
				09BF68FF2AA4C64F00195DC0 /* KMPNativeCoroutinesCore */,
				0907C7D12AA97FFE00D6F33D /* LaunchAtLogin */,
				09D6531A2AD8279A00E90B8B /* FluidMenuBarExtra */,
				09D6531F2AD8353D00E90B8B /* DynamicColor */,
			);
			productName = multiplatformApp;
			productReference = 4137AFC42A5F082E000787E3 /* multiplatformApp.app */;
			productType = "com.apple.product-type.application";
		};
/* End PBXNativeTarget section */

/* Begin PBXProject section */
		4137AFBC2A5F082E000787E3 /* Project object */ = {
			isa = PBXProject;
			attributes = {
				BuildIndependentTargetsInParallel = 1;
				LastSwiftUpdateCheck = 1430;
				LastUpgradeCheck = 1500;
				TargetAttributes = {
					4137AFC32A5F082E000787E3 = {
						CreatedOnToolsVersion = 14.3;
					};
				};
			};
			buildConfigurationList = 4137AFBF2A5F082E000787E3 /* Build configuration list for PBXProject "multiplatformApp" */;
			compatibilityVersion = "Xcode 14.0";
			developmentRegion = en;
			hasScannedForEncodings = 0;
			knownRegions = (
				en,
				Base,
			);
			mainGroup = 4137AFBB2A5F082E000787E3;
			packageReferences = (
				09BF68FA2AA4C64F00195DC0 /* XCRemoteSwiftPackageReference "KMP-NativeCoroutines" */,
				0907C7D02AA97FFE00D6F33D /* XCRemoteSwiftPackageReference "LaunchAtLogin-Modern" */,
				09D653172AD81C8E00E90B8B /* XCRemoteSwiftPackageReference "fluid-menu-bar-extra" */,
				09D6531E2AD8353D00E90B8B /* XCRemoteSwiftPackageReference "DynamicColor" */,
			);
			productRefGroup = 4137AFC52A5F082E000787E3 /* Products */;
			projectDirPath = "";
			projectRoot = "";
			targets = (
				4137AFC32A5F082E000787E3 /* multiplatformApp */,
			);
		};
/* End PBXProject section */

/* Begin PBXResourcesBuildPhase section */
		4137AFC22A5F082E000787E3 /* Resources */ = {
			isa = PBXResourcesBuildPhase;
			buildActionMask = 2147483647;
			files = (
				4137AFD02A5F0830000787E3 /* Preview Assets.xcassets in Resources */,
				4137AFCC2A5F0830000787E3 /* Assets.xcassets in Resources */,
			);
			runOnlyForDeploymentPostprocessing = 0;
		};
/* End PBXResourcesBuildPhase section */

/* Begin PBXSourcesBuildPhase section */
		4137AFC02A5F082E000787E3 /* Sources */ = {
			isa = PBXSourcesBuildPhase;
			buildActionMask = 2147483647;
			files = (
				098E91A72AA9709A000287D3 /* ColorExtentions.swift in Sources */,
				09B5ED2A2AA490B1005413D7 /* AppereanceTabView.swift in Sources */,
				09B5ED2F2AA490D1005413D7 /* SystemTabView.swift in Sources */,
				09B5ED2D2AA490C7005413D7 /* BehaviourTabView.swift in Sources */,
				4137AFC82A5F082E000787E3 /* MultiplatformApp.swift in Sources */,
				09B5ED272AA48D98005413D7 /* ZbPopoverView.swift in Sources */,
				09E7B8162AA5D263003625F2 /* ZbViewModel.swift in Sources */,
				096416432AC2D77E005995AE /* ZbBreakWindow.swift in Sources */,
				094B66662AC24A9300536E48 /* ZbBreakWindowController.swift in Sources */,
				090126612AAC731C002402F1 /* ZbNotificationCenter.swift in Sources */,
				09E7B81B2AA5D66C003625F2 /* FlowExtentions.swift in Sources */,
				09A559322AAD1C6E00D61535 /* ZbBreakWindowView.swift in Sources */,
			);
			runOnlyForDeploymentPostprocessing = 0;
		};
/* End PBXSourcesBuildPhase section */

/* Begin XCBuildConfiguration section */
		4137AFD12A5F0830000787E3 /* Debug */ = {
			isa = XCBuildConfiguration;
			buildSettings = {
				ALWAYS_SEARCH_USER_PATHS = NO;
				CLANG_ANALYZER_NONNULL = YES;
				CLANG_ANALYZER_NUMBER_OBJECT_CONVERSION = YES_AGGRESSIVE;
				CLANG_CXX_LANGUAGE_STANDARD = "gnu++20";
				CLANG_ENABLE_MODULES = YES;
				CLANG_ENABLE_OBJC_ARC = YES;
				CLANG_ENABLE_OBJC_WEAK = YES;
				CLANG_WARN_BLOCK_CAPTURE_AUTORELEASING = YES;
				CLANG_WARN_BOOL_CONVERSION = YES;
				CLANG_WARN_COMMA = YES;
				CLANG_WARN_CONSTANT_CONVERSION = YES;
				CLANG_WARN_DEPRECATED_OBJC_IMPLEMENTATIONS = YES;
				CLANG_WARN_DIRECT_OBJC_ISA_USAGE = YES_ERROR;
				CLANG_WARN_DOCUMENTATION_COMMENTS = YES;
				CLANG_WARN_EMPTY_BODY = YES;
				CLANG_WARN_ENUM_CONVERSION = YES;
				CLANG_WARN_INFINITE_RECURSION = YES;
				CLANG_WARN_INT_CONVERSION = YES;
				CLANG_WARN_NON_LITERAL_NULL_CONVERSION = YES;
				CLANG_WARN_OBJC_IMPLICIT_RETAIN_SELF = YES;
				CLANG_WARN_OBJC_LITERAL_CONVERSION = YES;
				CLANG_WARN_OBJC_ROOT_CLASS = YES_ERROR;
				CLANG_WARN_QUOTED_INCLUDE_IN_FRAMEWORK_HEADER = YES;
				CLANG_WARN_RANGE_LOOP_ANALYSIS = YES;
				CLANG_WARN_STRICT_PROTOTYPES = YES;
				CLANG_WARN_SUSPICIOUS_MOVE = YES;
				CLANG_WARN_UNGUARDED_AVAILABILITY = YES_AGGRESSIVE;
				CLANG_WARN_UNREACHABLE_CODE = YES;
				CLANG_WARN__DUPLICATE_METHOD_MATCH = YES;
				COPY_PHASE_STRIP = NO;
				DEAD_CODE_STRIPPING = YES;
				DEBUG_INFORMATION_FORMAT = dwarf;
				ENABLE_STRICT_OBJC_MSGSEND = YES;
				ENABLE_TESTABILITY = YES;
				ENABLE_USER_SCRIPT_SANDBOXING = YES;
				GCC_C_LANGUAGE_STANDARD = gnu11;
				GCC_DYNAMIC_NO_PIC = NO;
				GCC_NO_COMMON_BLOCKS = YES;
				GCC_OPTIMIZATION_LEVEL = 0;
				GCC_PREPROCESSOR_DEFINITIONS = (
					"DEBUG=1",
					"$(inherited)",
				);
				GCC_WARN_64_TO_32_BIT_CONVERSION = YES;
				GCC_WARN_ABOUT_RETURN_TYPE = YES_ERROR;
				GCC_WARN_UNDECLARED_SELECTOR = YES;
				GCC_WARN_UNINITIALIZED_AUTOS = YES_AGGRESSIVE;
				GCC_WARN_UNUSED_FUNCTION = YES;
				GCC_WARN_UNUSED_VARIABLE = YES;
				MTL_ENABLE_DEBUG_INFO = INCLUDE_SOURCE;
				MTL_FAST_MATH = YES;
				ONLY_ACTIVE_ARCH = YES;
				SWIFT_ACTIVE_COMPILATION_CONDITIONS = DEBUG;
				SWIFT_OPTIMIZATION_LEVEL = "-Onone";
			};
			name = Debug;
		};
		4137AFD22A5F0830000787E3 /* Release */ = {
			isa = XCBuildConfiguration;
			buildSettings = {
				ALWAYS_SEARCH_USER_PATHS = NO;
				CLANG_ANALYZER_NONNULL = YES;
				CLANG_ANALYZER_NUMBER_OBJECT_CONVERSION = YES_AGGRESSIVE;
				CLANG_CXX_LANGUAGE_STANDARD = "gnu++20";
				CLANG_ENABLE_MODULES = YES;
				CLANG_ENABLE_OBJC_ARC = YES;
				CLANG_ENABLE_OBJC_WEAK = YES;
				CLANG_WARN_BLOCK_CAPTURE_AUTORELEASING = YES;
				CLANG_WARN_BOOL_CONVERSION = YES;
				CLANG_WARN_COMMA = YES;
				CLANG_WARN_CONSTANT_CONVERSION = YES;
				CLANG_WARN_DEPRECATED_OBJC_IMPLEMENTATIONS = YES;
				CLANG_WARN_DIRECT_OBJC_ISA_USAGE = YES_ERROR;
				CLANG_WARN_DOCUMENTATION_COMMENTS = YES;
				CLANG_WARN_EMPTY_BODY = YES;
				CLANG_WARN_ENUM_CONVERSION = YES;
				CLANG_WARN_INFINITE_RECURSION = YES;
				CLANG_WARN_INT_CONVERSION = YES;
				CLANG_WARN_NON_LITERAL_NULL_CONVERSION = YES;
				CLANG_WARN_OBJC_IMPLICIT_RETAIN_SELF = YES;
				CLANG_WARN_OBJC_LITERAL_CONVERSION = YES;
				CLANG_WARN_OBJC_ROOT_CLASS = YES_ERROR;
				CLANG_WARN_QUOTED_INCLUDE_IN_FRAMEWORK_HEADER = YES;
				CLANG_WARN_RANGE_LOOP_ANALYSIS = YES;
				CLANG_WARN_STRICT_PROTOTYPES = YES;
				CLANG_WARN_SUSPICIOUS_MOVE = YES;
				CLANG_WARN_UNGUARDED_AVAILABILITY = YES_AGGRESSIVE;
				CLANG_WARN_UNREACHABLE_CODE = YES;
				CLANG_WARN__DUPLICATE_METHOD_MATCH = YES;
				COPY_PHASE_STRIP = NO;
				DEAD_CODE_STRIPPING = YES;
				DEBUG_INFORMATION_FORMAT = "dwarf-with-dsym";
				ENABLE_NS_ASSERTIONS = NO;
				ENABLE_STRICT_OBJC_MSGSEND = YES;
				ENABLE_USER_SCRIPT_SANDBOXING = YES;
				GCC_C_LANGUAGE_STANDARD = gnu11;
				GCC_NO_COMMON_BLOCKS = YES;
				GCC_WARN_64_TO_32_BIT_CONVERSION = YES;
				GCC_WARN_ABOUT_RETURN_TYPE = YES_ERROR;
				GCC_WARN_UNDECLARED_SELECTOR = YES;
				GCC_WARN_UNINITIALIZED_AUTOS = YES_AGGRESSIVE;
				GCC_WARN_UNUSED_FUNCTION = YES;
				GCC_WARN_UNUSED_VARIABLE = YES;
				MTL_ENABLE_DEBUG_INFO = NO;
				MTL_FAST_MATH = YES;
				SWIFT_COMPILATION_MODE = wholemodule;
				SWIFT_OPTIMIZATION_LEVEL = "-O";
			};
			name = Release;
		};
		4137AFD42A5F0830000787E3 /* Debug */ = {
			isa = XCBuildConfiguration;
			buildSettings = {
				ASSETCATALOG_COMPILER_APPICON_NAME = AppIcon;
				ASSETCATALOG_COMPILER_GLOBAL_ACCENT_COLOR_NAME = AccentColor;
				CODE_SIGN_ENTITLEMENTS = multiplatformApp/multiplatformApp.entitlements;
				CODE_SIGN_STYLE = Automatic;
				CURRENT_PROJECT_VERSION = 1;
				DEAD_CODE_STRIPPING = YES;
				DEVELOPMENT_ASSET_PATHS = "\"multiplatformApp/Preview Content\"";
				ENABLE_PREVIEWS = YES;
				GENERATE_INFOPLIST_FILE = YES;
				INFOPLIST_KEY_CFBundleDisplayName = ZenBreak;
				INFOPLIST_KEY_LSApplicationCategoryType = "public.app-category.utilities";
				INFOPLIST_KEY_LSUIElement = YES;
				"INFOPLIST_KEY_UIApplicationSceneManifest_Generation[sdk=iphoneos*]" = YES;
				"INFOPLIST_KEY_UIApplicationSceneManifest_Generation[sdk=iphonesimulator*]" = YES;
				"INFOPLIST_KEY_UIApplicationSupportsIndirectInputEvents[sdk=iphoneos*]" = YES;
				"INFOPLIST_KEY_UIApplicationSupportsIndirectInputEvents[sdk=iphonesimulator*]" = YES;
				"INFOPLIST_KEY_UILaunchScreen_Generation[sdk=iphoneos*]" = YES;
				"INFOPLIST_KEY_UILaunchScreen_Generation[sdk=iphonesimulator*]" = YES;
				"INFOPLIST_KEY_UIStatusBarStyle[sdk=iphoneos*]" = UIStatusBarStyleDefault;
				"INFOPLIST_KEY_UIStatusBarStyle[sdk=iphonesimulator*]" = UIStatusBarStyleDefault;
				INFOPLIST_KEY_UISupportedInterfaceOrientations_iPad = "UIInterfaceOrientationPortrait UIInterfaceOrientationPortraitUpsideDown UIInterfaceOrientationLandscapeLeft UIInterfaceOrientationLandscapeRight";
				INFOPLIST_KEY_UISupportedInterfaceOrientations_iPhone = "UIInterfaceOrientationPortrait UIInterfaceOrientationLandscapeLeft UIInterfaceOrientationLandscapeRight";
				IPHONEOS_DEPLOYMENT_TARGET = 16.4;
				LD_RUNPATH_SEARCH_PATHS = "@executable_path/Frameworks";
				"LD_RUNPATH_SEARCH_PATHS[sdk=macosx*]" = "@executable_path/../Frameworks";
				MACOSX_DEPLOYMENT_TARGET = 13.2;
				MARKETING_VERSION = 1.0;
				PRODUCT_BUNDLE_IDENTIFIER = dev.giuliopime.ZenBreak;
				PRODUCT_NAME = "$(TARGET_NAME)";
				SDKROOT = auto;
				SUPPORTED_PLATFORMS = "iphoneos iphonesimulator macosx";
				SWIFT_EMIT_LOC_STRINGS = YES;
				SWIFT_VERSION = 5.0;
				TARGETED_DEVICE_FAMILY = "1,2";
			};
			name = Debug;
		};
		4137AFD52A5F0830000787E3 /* Release */ = {
			isa = XCBuildConfiguration;
			buildSettings = {
				ASSETCATALOG_COMPILER_APPICON_NAME = AppIcon;
				ASSETCATALOG_COMPILER_GLOBAL_ACCENT_COLOR_NAME = AccentColor;
				CODE_SIGN_ENTITLEMENTS = multiplatformApp/multiplatformApp.entitlements;
				CODE_SIGN_STYLE = Automatic;
				CURRENT_PROJECT_VERSION = 1;
				DEAD_CODE_STRIPPING = YES;
				DEVELOPMENT_ASSET_PATHS = "\"multiplatformApp/Preview Content\"";
				ENABLE_PREVIEWS = YES;
				GENERATE_INFOPLIST_FILE = YES;
				INFOPLIST_KEY_CFBundleDisplayName = ZenBreak;
				INFOPLIST_KEY_LSApplicationCategoryType = "public.app-category.utilities";
				INFOPLIST_KEY_LSUIElement = YES;
				"INFOPLIST_KEY_UIApplicationSceneManifest_Generation[sdk=iphoneos*]" = YES;
				"INFOPLIST_KEY_UIApplicationSceneManifest_Generation[sdk=iphonesimulator*]" = YES;
				"INFOPLIST_KEY_UIApplicationSupportsIndirectInputEvents[sdk=iphoneos*]" = YES;
				"INFOPLIST_KEY_UIApplicationSupportsIndirectInputEvents[sdk=iphonesimulator*]" = YES;
				"INFOPLIST_KEY_UILaunchScreen_Generation[sdk=iphoneos*]" = YES;
				"INFOPLIST_KEY_UILaunchScreen_Generation[sdk=iphonesimulator*]" = YES;
				"INFOPLIST_KEY_UIStatusBarStyle[sdk=iphoneos*]" = UIStatusBarStyleDefault;
				"INFOPLIST_KEY_UIStatusBarStyle[sdk=iphonesimulator*]" = UIStatusBarStyleDefault;
				INFOPLIST_KEY_UISupportedInterfaceOrientations_iPad = "UIInterfaceOrientationPortrait UIInterfaceOrientationPortraitUpsideDown UIInterfaceOrientationLandscapeLeft UIInterfaceOrientationLandscapeRight";
				INFOPLIST_KEY_UISupportedInterfaceOrientations_iPhone = "UIInterfaceOrientationPortrait UIInterfaceOrientationLandscapeLeft UIInterfaceOrientationLandscapeRight";
				IPHONEOS_DEPLOYMENT_TARGET = 16.4;
				LD_RUNPATH_SEARCH_PATHS = "@executable_path/Frameworks";
				"LD_RUNPATH_SEARCH_PATHS[sdk=macosx*]" = "@executable_path/../Frameworks";
				MACOSX_DEPLOYMENT_TARGET = 13.2;
				MARKETING_VERSION = 1.0;
				PRODUCT_BUNDLE_IDENTIFIER = dev.giuliopime.ZenBreak;
				PRODUCT_NAME = "$(TARGET_NAME)";
				SDKROOT = auto;
				SUPPORTED_PLATFORMS = "iphoneos iphonesimulator macosx";
				SWIFT_EMIT_LOC_STRINGS = YES;
				SWIFT_VERSION = 5.0;
				TARGETED_DEVICE_FAMILY = "1,2";
			};
			name = Release;
		};
/* End XCBuildConfiguration section */

/* Begin XCConfigurationList section */
		4137AFBF2A5F082E000787E3 /* Build configuration list for PBXProject "multiplatformApp" */ = {
			isa = XCConfigurationList;
			buildConfigurations = (
				4137AFD12A5F0830000787E3 /* Debug */,
				4137AFD22A5F0830000787E3 /* Release */,
			);
			defaultConfigurationIsVisible = 0;
			defaultConfigurationName = Release;
		};
		4137AFD32A5F0830000787E3 /* Build configuration list for PBXNativeTarget "multiplatformApp" */ = {
			isa = XCConfigurationList;
			buildConfigurations = (
				4137AFD42A5F0830000787E3 /* Debug */,
				4137AFD52A5F0830000787E3 /* Release */,
			);
			defaultConfigurationIsVisible = 0;
			defaultConfigurationName = Release;
		};
/* End XCConfigurationList section */

/* Begin XCRemoteSwiftPackageReference section */
		0907C7D02AA97FFE00D6F33D /* XCRemoteSwiftPackageReference "LaunchAtLogin-Modern" */ = {
			isa = XCRemoteSwiftPackageReference;
			repositoryURL = "https://github.com/sindresorhus/LaunchAtLogin-Modern";
			requirement = {
				branch = main;
				kind = branch;
			};
		};
		09BF68FA2AA4C64F00195DC0 /* XCRemoteSwiftPackageReference "KMP-NativeCoroutines" */ = {
			isa = XCRemoteSwiftPackageReference;
			repositoryURL = "https://github.com/rickclephas/KMP-NativeCoroutines.git";
			requirement = {
				kind = exactVersion;
				version = "1.0.0-ALPHA-17";
			};
		};
		09D653172AD81C8E00E90B8B /* XCRemoteSwiftPackageReference "fluid-menu-bar-extra" */ = {
			isa = XCRemoteSwiftPackageReference;
			repositoryURL = "https://github.com/lfroms/fluid-menu-bar-extra.git";
			requirement = {
				kind = upToNextMajorVersion;
				minimumVersion = 1.1.0;
			};
		};
		09D6531E2AD8353D00E90B8B /* XCRemoteSwiftPackageReference "DynamicColor" */ = {
			isa = XCRemoteSwiftPackageReference;
			repositoryURL = "https://github.com/yannickl/DynamicColor";
			requirement = {
				kind = upToNextMajorVersion;
				minimumVersion = 5.0.1;
			};
		};
/* End XCRemoteSwiftPackageReference section */

/* Begin XCSwiftPackageProductDependency section */
		0907C7D12AA97FFE00D6F33D /* LaunchAtLogin */ = {
			isa = XCSwiftPackageProductDependency;
			package = 0907C7D02AA97FFE00D6F33D /* XCRemoteSwiftPackageReference "LaunchAtLogin-Modern" */;
			productName = LaunchAtLogin;
		};
		09BF68FB2AA4C64F00195DC0 /* KMPNativeCoroutinesAsync */ = {
			isa = XCSwiftPackageProductDependency;
			package = 09BF68FA2AA4C64F00195DC0 /* XCRemoteSwiftPackageReference "KMP-NativeCoroutines" */;
			productName = KMPNativeCoroutinesAsync;
		};
		09BF68FD2AA4C64F00195DC0 /* KMPNativeCoroutinesCombine */ = {
			isa = XCSwiftPackageProductDependency;
			package = 09BF68FA2AA4C64F00195DC0 /* XCRemoteSwiftPackageReference "KMP-NativeCoroutines" */;
			productName = KMPNativeCoroutinesCombine;
		};
		09BF68FF2AA4C64F00195DC0 /* KMPNativeCoroutinesCore */ = {
			isa = XCSwiftPackageProductDependency;
			package = 09BF68FA2AA4C64F00195DC0 /* XCRemoteSwiftPackageReference "KMP-NativeCoroutines" */;
			productName = KMPNativeCoroutinesCore;
		};
		09D6531A2AD8279A00E90B8B /* FluidMenuBarExtra */ = {
			isa = XCSwiftPackageProductDependency;
			package = 09D653172AD81C8E00E90B8B /* XCRemoteSwiftPackageReference "fluid-menu-bar-extra" */;
			productName = FluidMenuBarExtra;
		};
		09D6531F2AD8353D00E90B8B /* DynamicColor */ = {
			isa = XCSwiftPackageProductDependency;
			package = 09D6531E2AD8353D00E90B8B /* XCRemoteSwiftPackageReference "DynamicColor" */;
			productName = DynamicColor;
		};
/* End XCSwiftPackageProductDependency section */
	};
	rootObject = 4137AFBC2A5F082E000787E3 /* Project object */;
}
