{
  "originHash" : "130a5880edf74cb094a31552568d1a739877738a9979f14717ffd44168cd09fe",
  "pins" : [
    {
      "identity" : "dynamiccolor",
      "kind" : "remoteSourceControl",
      "location" : "https://github.com/yannickl/DynamicColor",
      "state" : {
        "revision" : "d9beca13ca85baa50ee29832d0db5129fba69630",
        "version" : "5.0.1"
      }
    },
    {
      "identity" : "fluid-menu-bar-extra",
      "kind" : "remoteSourceControl",
      "location" : "https://github.com/lfroms/fluid-menu-bar-extra.git",
      "state" : {
        "revision" : "e152a3a1a25aca24906217f8d4d63afbb08d7f97",
        "version" : "1.1.0"
      }
    },
    {
      "identity" : "kmp-nativecoroutines",
      "kind" : "remoteSourceControl",
      "location" : "https://github.com/rickclephas/KMP-NativeCoroutines.git",
      "state" : {
        "revision" : "873263c0410337632cbda63ed712dffca8d4ae53",
        "version" : "1.0.0-ALPHA-17"
      }
    },
    {
      "identity" : "launchatlogin-modern",
      "kind" : "remoteSourceControl",
      "location" : "https://github.com/sindresorhus/LaunchAtLogin-Modern",
      "state" : {
        "branch" : "main",
        "revision" : "9c41991631605c8ccfe0347bbcb5c659169f2ec5"
      }
    },
    {
      "identity" : "rxswift",
      "kind" : "remoteSourceControl",
      "location" : "https://github.com/ReactiveX/RxSwift.git",
      "state" : {
        "revision" : "9dcaa4b333db437b0fbfaf453fad29069044a8b4",
        "version" : "6.6.0"
      }
    },
    {
      "identity" : "zenbreak",
      "kind" : "remoteSourceControl",
      "location" : "https://github.com/Giuliopime/ZenBreak",
      "state" : {
        "revision" : "dec62a3d1295f5ffbc53e337a26ce1c898c0df66",
        "version" : "0.1.1"
      }
    }
  ],
  "version" : 3
}
